PODS:
  - Alamofire (5.7.1)
  - Kingfisher (7.9.0)

DEPENDENCIES:
  - Alamofire
  - Kingfisher

SPEC REPOS:
  trunk:
    - Alamofire
    - Kingfisher

SPEC CHECKSUMS:
  Alamofire: 0123a34370cb170936ae79a8df46cc62b2edeb88
  Kingfisher: 59f908b6d2f403b0a3e539debb0eec05cb27002c

PODFILE CHECKSUM: e75affac4e6bb3ad7680d14051e6995d9e61b25b

COCOAPODS: 1.12.1
